{
  "requires": true,
  "lockfileVersion": 1,
  "dependencies": {
    "@nestjs/testing": {
      "version": "7.4.4",
      "resolved": "https://registry.npmjs.org/@nestjs/testing/-/testing-7.4.4.tgz",
      "integrity": "sha512-ZRIZcfql9Xc5M74jR05TvJ86z3VUUfsEYzHoEwunGnZLhcYXLT1Z3xSNE5T/MuSrJb5hPqp4DqaHmKdeuvgedw==",
      "dev": true,
      "requires": {
        "optional": "0.1.4",
        "tslib": "2.0.1"
      }
    },
    "optional": {
      "version": "0.1.4",
      "resolved": "https://registry.npmjs.org/optional/-/optional-0.1.4.tgz",
      "integrity": "sha512-gtvrrCfkE08wKcgXaVwQVgwEQ8vel2dc5DDBn9RLQZ3YtmtkBss6A2HY6BnJH4N/4Ku97Ri/SF8sNWE2225WJw==",
      "dev": true
    },
    "tslib": {
      "version": "2.0.1",
      "resolved": "https://registry.npmjs.org/tslib/-/tslib-2.0.1.tgz",
      "integrity": "sha512-SgIkNheinmEBgx1IUNirK0TUD4X9yjjBRTqqjggWCU3pUEqIk3/Uwl3yRixYKT6WjQuGiwDv4NomL3wqRCj+CQ==",
      "dev": true
    }
  }
}
